Microsoft Visual Studio Solution File, Format Version 12.00
# Visual Studio 2013
VisualStudioVersion = 12.0.31101.0
MinimumVisualStudioVersion = 10.0.40219.1
Project("{FAE04EC0-301F-11D3-BF4B-00C04F79EFBC}") = "Core", "Core\Core.csproj", "{E566845E-E6FB-4DB7-8CA7-5E26ACDC50F3}"
	ProjectSection(ProjectDependencies) = postProject
		{6832AFCE-173D-4F30-862F-E066990C95B8} = {6832AFCE-173D-4F30-862F-E066990C95B8}
	EndProjectSection
EndProject
Project("{FAE04EC0-301F-11D3-BF4B-00C04F79EFBC}") = "Electrifier", "Electrifier\Electrifier.csproj", "{ACB8C7F4-C020-4540-8C0E-CF35E725D0FC}"
	ProjectSection(ProjectDependencies) = postProject
		{6832AFCE-173D-4F30-862F-E066990C95B8} = {6832AFCE-173D-4F30-862F-E066990C95B8}
	EndProjectSection
EndProject
Project("{FAE04EC0-301F-11D3-BF4B-00C04F79EFBC}") = "Win32API", "Win32API\Win32API.csproj", "{6832AFCE-173D-4F30-862F-E066990C95B8}"
EndProject
Global
	GlobalSection(SolutionConfigurationPlatforms) = preSolution
		Debug|Any CPU = Debug|Any CPU
		Release|Any CPU = Release|Any CPU
	EndGlobalSection
	GlobalSection(ProjectConfigurationPlatforms) = postSolution
		{E566845E-E6FB-4DB7-8CA7-5E26ACDC50F3}.Debug|Any CPU.ActiveCfg = Debug|Any CPU
		{E566845E-E6FB-4DB7-8CA7-5E26ACDC50F3}.Debug|Any CPU.Build.0 = Debug|Any CPU
		{E566845E-E6FB-4DB7-8CA7-5E26ACDC50F3}.Release|Any CPU.ActiveCfg = Release|Any CPU
		{E566845E-E6FB-4DB7-8CA7-5E26ACDC50F3}.Release|Any CPU.Build.0 = Release|Any CPU
		{ACB8C7F4-C020-4540-8C0E-CF35E725D0FC}.Debug|Any CPU.ActiveCfg = Debug|Any CPU
		{ACB8C7F4-C020-4540-8C0E-CF35E725D0FC}.Debug|Any CPU.Build.0 = Debug|Any CPU
		{ACB8C7F4-C020-4540-8C0E-CF35E725D0FC}.Release|Any CPU.ActiveCfg = Release|Any CPU
		{ACB8C7F4-C020-4540-8C0E-CF35E725D0FC}.Release|Any CPU.Build.0 = Release|Any CPU
		{6832AFCE-173D-4F30-862F-E066990C95B8}.Debug|Any CPU.ActiveCfg = Debug|Any CPU
		{6832AFCE-173D-4F30-862F-E066990C95B8}.Debug|Any CPU.Build.0 = Debug|Any CPU
		{6832AFCE-173D-4F30-862F-E066990C95B8}.Release|Any CPU.ActiveCfg = Release|Any CPU
		{6832AFCE-173D-4F30-862F-E066990C95B8}.Release|Any CPU.Build.0 = Release|Any CPU
	EndGlobalSection
	GlobalSection(SolutionProperties) = preSolution
		HideSolutionNode = FALSE
	EndGlobalSection
EndGlobal
